
Microsoft Visual Studio Solution File, Format Version 12.00
# Visual Studio Version 17
VisualStudioVersion = 17.8.34309.116
MinimumVisualStudioVersion = 10.0.40219.1
Project("{FAE04EC0-301F-11D3-BF4B-00C04F79EFBC}") = "Survey", "Survey.csproj", "{ABF14DA7-B8C2-451C-9115-FFEEE793C84E}"
EndProject
Global
	GlobalSection(SolutionConfigurationPlatforms) = preSolution
		Debug|Any CPU = Debug|Any CPU
		Release|Any CPU = Release|Any CPU
	EndGlobalSection
	GlobalSection(ProjectConfigurationPlatforms) = postSolution
		{ABF14DA7-B8C2-451C-9115-FFEEE793C84E}.Debug|Any CPU.ActiveCfg = Debug|Any CPU
		{ABF14DA7-B8C2-451C-9115-FFEEE793C84E}.Debug|Any CPU.Build.0 = Debug|Any CPU
		{ABF14DA7-B8C2-451C-9115-FFEEE793C84E}.Release|Any CPU.ActiveCfg = Release|Any CPU
		{ABF14DA7-B8C2-451C-9115-FFEEE793C84E}.Release|Any CPU.Build.0 = Release|Any CPU
	EndGlobalSection
	GlobalSection(SolutionProperties) = preSolution
		HideSolutionNode = FALSE
	EndGlobalSection
	GlobalSection(ExtensibilityGlobals) = postSolution
		SolutionGuid = {9F640246-42DC-476B-9A74-63C2518A3E75}
	EndGlobalSection
EndGlobal
